{
  "object": {
    "pins": [
      {
        "package": "Carbon",
        "repositoryURL": "https://github.com/ra1028/Carbon.git",
        "state": {
          "branch": null,
          "revision": "57db8c9fa5d81d76c597930fcabc60b358125d18",
          "version": "1.0.0-rc.6"
        }
      },
      {
        "package": "DifferenceKit",
        "repositoryURL": "https://github.com/ra1028/DifferenceKit.git",
        "state": {
          "branch": null,
          "revision": "14c66681e12a38b81045f44c6c29724a0d4b0e72",
          "version": "1.1.5"
        }
      },
      {
        "package": "Stevia",
        "repositoryURL": "https://github.com/freshOS/Stevia.git",
        "state": {
          "branch": null,
          "revision": "a32dc3c015fe583080f4947edf795bced9a11108",
          "version": "5.1.1"
        }
      }
    ]
  },
  "version": 1
}
